
Microsoft Visual Studio Solution File, Format Version 12.00
# Visual Studio Version 16
VisualStudioVersion = 16.0.32228.343
MinimumVisualStudioVersion = 10.0.40219.1
Project("{FAE04EC0-301F-11D3-BF4B-00C04F79EFBC}") = "Assignement04", "Assignement04\Assignement04.csproj", "{39BBCB0C-575C-4819-A5D1-93099BB17375}"
EndProject
Global
	GlobalSection(SolutionConfigurationPlatforms) = preSolution
		Debug|Any CPU = Debug|Any CPU
		Release|Any CPU = Release|Any CPU
	EndGlobalSection
	GlobalSection(ProjectConfigurationPlatforms) = postSolution
		{39BBCB0C-575C-4819-A5D1-93099BB17375}.Debug|Any CPU.ActiveCfg = Debug|Any CPU
		{39BBCB0C-575C-4819-A5D1-93099BB17375}.Debug|Any CPU.Build.0 = Debug|Any CPU
		{39BBCB0C-575C-4819-A5D1-93099BB17375}.Release|Any CPU.ActiveCfg = Release|Any CPU
		{39BBCB0C-575C-4819-A5D1-93099BB17375}.Release|Any CPU.Build.0 = Release|Any CPU
	EndGlobalSection
	GlobalSection(SolutionProperties) = preSolution
		HideSolutionNode = FALSE
	EndGlobalSection
	GlobalSection(ExtensibilityGlobals) = postSolution
		SolutionGuid = {1F1CC6DC-C257-4CEC-83DA-1BAEEC682E0B}
	EndGlobalSection
EndGlobal
